// !$*UTF8*$!
{
	archiveVersion = 1;
	classes = {
	};
	objectVersion = 46;
	objects = {

/* Begin PBXBuildFile section */
		03298C0518EFA49300B251CB /* Foundation.framework in Frameworks */ = {isa = PBXBuildFile; fileRef = 03298C0418EFA49300B251CB /* Foundation.framework */; };
		03298C0718EFA49300B251CB /* CoreGraphics.framework in Frameworks */ = {isa = PBXBuildFile; fileRef = 03298C0618EFA49300B251CB /* CoreGraphics.framework */; };
		03298C0918EFA49300B251CB /* UIKit.framework in Frameworks */ = {isa = PBXBuildFile; fileRef = 03298C0818EFA49300B251CB /* UIKit.framework */; };
		03298C0F18EFA49300B251CB /* InfoPlist.strings in Resources */ = {isa = PBXBuildFile; fileRef = 03298C0D18EFA49300B251CB /* InfoPlist.strings */; };
		03298C1118EFA49300B251CB /* main.m in Sources */ = {isa = PBXBuildFile; fileRef = 03298C1018EFA49300B251CB /* main.m */; };
		03298C1518EFA49300B251CB /* BNRAppDelegate.m in Sources */ = {isa = PBXBuildFile; fileRef = 03298C1418EFA49300B251CB /* BNRAppDelegate.m */; };
		03298C1718EFA49300B251CB /* Images.xcassets in Resources */ = {isa = PBXBuildFile; fileRef = 03298C1618EFA49300B251CB /* Images.xcassets */; };
		03298C1E18EFA49300B251CB /* XCTest.framework in Frameworks */ = {isa = PBXBuildFile; fileRef = 03298C1D18EFA49300B251CB /* XCTest.framework */; };
		03298C1F18EFA49300B251CB /* Foundation.framework in Frameworks */ = {isa = PBXBuildFile; fileRef = 03298C0418EFA49300B251CB /* Foundation.framework */; };
		03298C2018EFA49300B251CB /* UIKit.framework in Frameworks */ = {isa = PBXBuildFile; fileRef = 03298C0818EFA49300B251CB /* UIKit.framework */; };
		03298C2818EFA49300B251CB /* InfoPlist.strings in Resources */ = {isa = PBXBuildFile; fileRef = 03298C2618EFA49300B251CB /* InfoPlist.strings */; };
		03298C2A18EFA49300B251CB /* QuizTests.m in Sources */ = {isa = PBXBuildFile; fileRef = 03298C2918EFA49300B251CB /* QuizTests.m */; };
		03298C3618EFA7BB00B251CB /* BNRQuizViewController.m in Sources */ = {isa = PBXBuildFile; fileRef = 03298C3418EFA7BB00B251CB /* BNRQuizViewController.m */; };
		03298C3718EFA7BB00B251CB /* BNRQuizViewController.xib in Resources */ = {isa = PBXBuildFile; fileRef = 03298C3518EFA7BB00B251CB /* BNRQuizViewController.xib */; };
/* End PBXBuildFile section */

/* Begin PBXContainerItemProxy section */
		03298C2118EFA49300B251CB /* PBXContainerItemProxy */ = {
			isa = PBXContainerItemProxy;
			containerPortal = 03298BF918EFA49300B251CB /* Project object */;
			proxyType = 1;
			remoteGlobalIDString = 03298C0018EFA49300B251CB;
			remoteInfo = Quiz;
		};
/* End PBXContainerItemProxy section */

/* Begin PBXFileReference section */
		03298C0118EFA49300B251CB /* Quiz.app */ = {isa = PBXFileReference; explicitFileType = wrapper.application; includeInIndex = 0; path = Quiz.app; sourceTree = BUILT_PRODUCTS_DIR; };
		03298C0418EFA49300B251CB /* Foundation.framework */ = {isa = PBXFileReference; lastKnownFileType = wrapper.framework; name = Foundation.framework; path = System/Library/Frameworks/Foundation.framework; sourceTree = SDKROOT; };
		03298C0618EFA49300B251CB /* CoreGraphics.framework */ = {isa = PBXFileReference; lastKnownFileType = wrapper.framework; name = CoreGraphics.framework; path = System/Library/Frameworks/CoreGraphics.framework; sourceTree = SDKROOT; };
		03298C0818EFA49300B251CB /* UIKit.framework */ = {isa = PBXFileReference; lastKnownFileType = wrapper.framework; name = UIKit.framework; path = System/Library/Frameworks/UIKit.framework; sourceTree = SDKROOT; };
		03298C0C18EFA49300B251CB /* Quiz-Info.plist */ = {isa = PBXFileReference; lastKnownFileType = text.plist.xml; path = "Quiz-Info.plist"; sourceTree = "<group>"; };
		03298C0E18EFA49300B251CB /* en */ = {isa = PBXFileReference; lastKnownFileType = text.plist.strings; name = en; path = en.lproj/InfoPlist.strings; sourceTree = "<group>"; };
		03298C1018EFA49300B251CB /* main.m */ = {isa = PBXFileReference; lastKnownFileType = sourcecode.c.objc; path = main.m; sourceTree = "<group>"; };
		03298C1218EFA49300B251CB /* Quiz-Prefix.pch */ = {isa = PBXFileReference; lastKnownFileType = sourcecode.c.h; path = "Quiz-Prefix.pch"; sourceTree = "<group>"; };
		03298C1318EFA49300B251CB /* BNRAppDelegate.h */ = {isa = PBXFileReference; lastKnownFileType = sourcecode.c.h; path = BNRAppDelegate.h; sourceTree = "<group>"; };
		03298C1418EFA49300B251CB /* BNRAppDelegate.m */ = {isa = PBXFileReference; lastKnownFileType = sourcecode.c.objc; path = BNRAppDelegate.m; sourceTree = "<group>"; };
		03298C1618EFA49300B251CB /* Images.xcassets */ = {isa = PBXFileReference; lastKnownFileType = folder.assetcatalog; path = Images.xcassets; sourceTree = "<group>"; };
		03298C1C18EFA49300B251CB /* QuizTests.xctest */ = {isa = PBXFileReference; explicitFileType = wrapper.cfbundle; includeInIndex = 0; path = QuizTests.xctest; sourceTree = BUILT_PRODUCTS_DIR; };
		03298C1D18EFA49300B251CB /* XCTest.framework */ = {isa = PBXFileReference; lastKnownFileType = wrapper.framework; name = XCTest.framework; path = Library/Frameworks/XCTest.framework; sourceTree = DEVELOPER_DIR; };
		03298C2518EFA49300B251CB /* QuizTests-Info.plist */ = {isa = PBXFileReference; lastKnownFileType = text.plist.xml; path = "QuizTests-Info.plist"; sourceTree = "<group>"; };
		03298C2718EFA49300B251CB /* en */ = {isa = PBXFileReference; lastKnownFileType = text.plist.strings; name = en; path = en.lproj/InfoPlist.strings; sourceTree = "<group>"; };
		03298C2918EFA49300B251CB /* QuizTests.m */ = {isa = PBXFileReference; lastKnownFileType = sourcecode.c.objc; path = QuizTests.m; sourceTree = "<group>"; };
		03298C3318EFA7BB00B251CB /* BNRQuizViewController.h */ = {isa = PBXFileReference; fileEncoding = 4; lastKnownFileType = sourcecode.c.h; path = BNRQuizViewController.h; sourceTree = "<group>"; };
		03298C3418EFA7BB00B251CB /* BNRQuizViewController.m */ = {isa = PBXFileReference; fileEncoding = 4; lastKnownFileType = sourcecode.c.objc; path = BNRQuizViewController.m; sourceTree = "<group>"; };
		03298C3518EFA7BB00B251CB /* BNRQuizViewController.xib */ = {isa = PBXFileReference; fileEncoding = 4; lastKnownFileType = file.xib; path = BNRQuizViewController.xib; sourceTree = "<group>"; };
/* End PBXFileReference section */

/* Begin PBXFrameworksBuildPhase section */
		03298BFE18EFA49300B251CB /* Frameworks */ = {
			isa = PBXFrameworksBuildPhase;
			buildActionMask = 2147483647;
			files = (
				03298C0718EFA49300B251CB /* CoreGraphics.framework in Frameworks */,
				03298C0918EFA49300B251CB /* UIKit.framework in Frameworks */,
				03298C0518EFA49300B251CB /* Foundation.framework in Frameworks */,
			);
			runOnlyForDeploymentPostprocessing = 0;
		};
		03298C1918EFA49300B251CB /* Frameworks */ = {
			isa = PBXFrameworksBuildPhase;
			buildActionMask = 2147483647;
			files = (
				03298C1E18EFA49300B251CB /* XCTest.framework in Frameworks */,
				03298C2018EFA49300B251CB /* UIKit.framework in Frameworks */,
				03298C1F18EFA49300B251CB /* Foundation.framework in Frameworks */,
			);
			runOnlyForDeploymentPostprocessing = 0;
		};
/* End PBXFrameworksBuildPhase section */

/* Begin PBXGroup section */
		03298BF818EFA49300B251CB = {
			isa = PBXGroup;
			children = (
				03298C3318EFA7BB00B251CB /* BNRQuizViewController.h */,
				03298C3418EFA7BB00B251CB /* BNRQuizViewController.m */,
				03298C3518EFA7BB00B251CB /* BNRQuizViewController.xib */,
				03298C0A18EFA49300B251CB /* Quiz */,
				03298C2318EFA49300B251CB /* QuizTests */,
				03298C0318EFA49300B251CB /* Frameworks */,
				03298C0218EFA49300B251CB /* Products */,
			);
			sourceTree = "<group>";
		};
		03298C0218EFA49300B251CB /* Products */ = {
			isa = PBXGroup;
			children = (
				03298C0118EFA49300B251CB /* Quiz.app */,
				03298C1C18EFA49300B251CB /* QuizTests.xctest */,
			);
			name = Products;
			sourceTree = "<group>";
		};
		03298C0318EFA49300B251CB /* Frameworks */ = {
			isa = PBXGroup;
			children = (
				03298C0418EFA49300B251CB /* Foundation.framework */,
				03298C0618EFA49300B251CB /* CoreGraphics.framework */,
				03298C0818EFA49300B251CB /* UIKit.framework */,
				03298C1D18EFA49300B251CB /* XCTest.framework */,
			);
			name = Frameworks;
			sourceTree = "<group>";
		};
		03298C0A18EFA49300B251CB /* Quiz */ = {
			isa = PBXGroup;
			children = (
				03298C1318EFA49300B251CB /* BNRAppDelegate.h */,
				03298C1418EFA49300B251CB /* BNRAppDelegate.m */,
				03298C1618EFA49300B251CB /* Images.xcassets */,
				03298C0B18EFA49300B251CB /* Supporting Files */,
			);
			path = Quiz;
			sourceTree = "<group>";
		};
		03298C0B18EFA49300B251CB /* Supporting Files */ = {
			isa = PBXGroup;
			children = (
				03298C0C18EFA49300B251CB /* Quiz-Info.plist */,
				03298C0D18EFA49300B251CB /* InfoPlist.strings */,
				03298C1018EFA49300B251CB /* main.m */,
				03298C1218EFA49300B251CB /* Quiz-Prefix.pch */,
			);
			name = "Supporting Files";
			sourceTree = "<group>";
		};
		03298C2318EFA49300B251CB /* QuizTests */ = {
			isa = PBXGroup;
			children = (
				03298C2918EFA49300B251CB /* QuizTests.m */,
				03298C2418EFA49300B251CB /* Supporting Files */,
			);
			path = QuizTests;
			sourceTree = "<group>";
		};
		03298C2418EFA49300B251CB /* Supporting Files */ = {
			isa = PBXGroup;
			children = (
				03298C2518EFA49300B251CB /* QuizTests-Info.plist */,
				03298C2618EFA49300B251CB /* InfoPlist.strings */,
			);
			name = "Supporting Files";
			sourceTree = "<group>";
		};
/* End PBXGroup section */

/* Begin PBXNativeTarget section */
		03298C0018EFA49300B251CB /* Quiz */ = {
			isa = PBXNativeTarget;
			buildConfigurationList = 03298C2D18EFA49300B251CB /* Build configuration list for PBXNativeTarget "Quiz" */;
			buildPhases = (
				03298BFD18EFA49300B251CB /* Sources */,
				03298BFE18EFA49300B251CB /* Frameworks */,
				03298BFF18EFA49300B251CB /* Resources */,
			);
			buildRules = (
			);
			dependencies = (
			);
			name = Quiz;
			productName = Quiz;
			productReference = 03298C0118EFA49300B251CB /* Quiz.app */;
			productType = "com.apple.product-type.application";
		};
		03298C1B18EFA49300B251CB /* QuizTests */ = {
			isa = PBXNativeTarget;
			buildConfigurationList = 03298C3018EFA49300B251CB /* Build configuration list for PBXNativeTarget "QuizTests" */;
			buildPhases = (
				03298C1818EFA49300B251CB /* Sources */,
				03298C1918EFA49300B251CB /* Frameworks */,
				03298C1A18EFA49300B251CB /* Resources */,
			);
			buildRules = (
			);
			dependencies = (
				03298C2218EFA49300B251CB /* PBXTargetDependency */,
			);
			name = QuizTests;
			productName = QuizTests;
			productReference = 03298C1C18EFA49300B251CB /* QuizTests.xctest */;
			productType = "com.apple.product-type.bundle.unit-test";
		};
/* End PBXNativeTarget section */

/* Begin PBXProject section */
		03298BF918EFA49300B251CB /* Project object */ = {
			isa = PBXProject;
			attributes = {
				CLASSPREFIX = BNR;
				LastUpgradeCheck = 0510;
				ORGANIZATIONNAME = "Big Nerd Ranch";
				TargetAttributes = {
					03298C1B18EFA49300B251CB = {
						TestTargetID = 03298C0018EFA49300B251CB;
					};
				};
			};
			buildConfigurationList = 03298BFC18EFA49300B251CB /* Build configuration list for PBXProject "Quiz" */;
			compatibilityVersion = "Xcode 3.2";
			developmentRegion = English;
			hasScannedForEncodings = 0;
			knownRegions = (
				en,
			);
			mainGroup = 03298BF818EFA49300B251CB;
			productRefGroup = 03298C0218EFA49300B251CB /* Products */;
			projectDirPath = "";
			projectRoot = "";
			targets = (
				03298C0018EFA49300B251CB /* Quiz */,
				03298C1B18EFA49300B251CB /* QuizTests */,
			);
		};
/* End PBXProject section */

/* Begin PBXResourcesBuildPhase section */
		03298BFF18EFA49300B251CB /* Resources */ = {
			isa = PBXResourcesBuildPhase;
			buildActionMask = 2147483647;
			files = (
				03298C0F18EFA49300B251CB /* InfoPlist.strings in Resources */,
				03298C3718EFA7BB00B251CB /* BNRQuizViewController.xib in Resources */,
				03298C1718EFA49300B251CB /* Images.xcassets in Resources */,
			);
			runOnlyForDeploymentPostprocessing = 0;
		};
		03298C1A18EFA49300B251CB /* Resources */ = {
			isa = PBXResourcesBuildPhase;
			buildActionMask = 2147483647;
			files = (
				03298C2818EFA49300B251CB /* InfoPlist.strings in Resources */,
			);
			runOnlyForDeploymentPostprocessing = 0;
		};
/* End PBXResourcesBuildPhase section */

/* Begin PBXSourcesBuildPhase section */
		03298BFD18EFA49300B251CB /* Sources */ = {
			isa = PBXSourcesBuildPhase;
			buildActionMask = 2147483647;
			files = (
				03298C1118EFA49300B251CB /* main.m in Sources */,
				03298C1518EFA49300B251CB /* BNRAppDelegate.m in Sources */,
				03298C3618EFA7BB00B251CB /* BNRQuizViewController.m in Sources */,
			);
			runOnlyForDeploymentPostprocessing = 0;
		};
		03298C1818EFA49300B251CB /* Sources */ = {
			isa = PBXSourcesBuildPhase;
			buildActionMask = 2147483647;
			files = (
				03298C2A18EFA49300B251CB /* QuizTests.m in Sources */,
			);
			runOnlyForDeploymentPostprocessing = 0;
		};
/* End PBXSourcesBuildPhase section */

/* Begin PBXTargetDependency section */
		03298C2218EFA49300B251CB /* PBXTargetDependency */ = {
			isa = PBXTargetDependency;
			target = 03298C0018EFA49300B251CB /* Quiz */;
			targetProxy = 03298C2118EFA49300B251CB /* PBXContainerItemProxy */;
		};
/* End PBXTargetDependency section */

/* Begin PBXVariantGroup section */
		03298C0D18EFA49300B251CB /* InfoPlist.strings */ = {
			isa = PBXVariantGroup;
			children = (
				03298C0E18EFA49300B251CB /* en */,
			);
			name = InfoPlist.strings;
			sourceTree = "<group>";
		};
		03298C2618EFA49300B251CB /* InfoPlist.strings */ = {
			isa = PBXVariantGroup;
			children = (
				03298C2718EFA49300B251CB /* en */,
			);
			name = InfoPlist.strings;
			sourceTree = "<group>";
		};
/* End PBXVariantGroup section */

/* Begin XCBuildConfiguration section */
		03298C2B18EFA49300B251CB /* Debug */ = {
			isa = XCBuildConfiguration;
			buildSettings = {
				ALWAYS_SEARCH_USER_PATHS = NO;
				CLANG_CXX_LANGUAGE_STANDARD = "gnu++0x";
				CLANG_CXX_LIBRARY = "libc++";
				CLANG_ENABLE_MODULES = YES;
				CLANG_ENABLE_OBJC_ARC = YES;
				CLANG_WARN_BOOL_CONVERSION = YES;
				CLANG_WARN_CONSTANT_CONVERSION = YES;
				CLANG_WARN_DIRECT_OBJC_ISA_USAGE = YES_ERROR;
				CLANG_WARN_EMPTY_BODY = YES;
				CLANG_WARN_ENUM_CONVERSION = YES;
				CLANG_WARN_INT_CONVERSION = YES;
				CLANG_WARN_OBJC_ROOT_CLASS = YES_ERROR;
				CLANG_WARN__DUPLICATE_METHOD_MATCH = YES;
				"CODE_SIGN_IDENTITY[sdk=iphoneos*]" = "iPhone Developer";
				COPY_PHASE_STRIP = NO;
				GCC_C_LANGUAGE_STANDARD = gnu99;
				GCC_DYNAMIC_NO_PIC = NO;
				GCC_OPTIMIZATION_LEVEL = 0;
				GCC_PREPROCESSOR_DEFINITIONS = (
					"DEBUG=1",
					"$(inherited)",
				);
				GCC_SYMBOLS_PRIVATE_EXTERN = NO;
				GCC_WARN_64_TO_32_BIT_CONVERSION = YES;
				GCC_WARN_ABOUT_RETURN_TYPE = YES_ERROR;
				GCC_WARN_UNDECLARED_SELECTOR = YES;
				GCC_WARN_UNINITIALIZED_AUTOS = YES_AGGRESSIVE;
				GCC_WARN_UNUSED_FUNCTION = YES;
				GCC_WARN_UNUSED_VARIABLE = YES;
				IPHONEOS_DEPLOYMENT_TARGET = 7.1;
				ONLY_ACTIVE_ARCH = YES;
				SDKROOT = iphoneos;
			};
			name = Debug;
		};
		03298C2C18EFA49300B251CB /* Release */ = {
			isa = XCBuildConfiguration;
			buildSettings = {
				ALWAYS_SEARCH_USER_PATHS = NO;
				CLANG_CXX_LANGUAGE_STANDARD = "gnu++0x";
				CLANG_CXX_LIBRARY = "libc++";
				CLANG_ENABLE_MODULES = YES;
				CLANG_ENABLE_OBJC_ARC = YES;
				CLANG_WARN_BOOL_CONVERSION = YES;
				CLANG_WARN_CONSTANT_CONVERSION = YES;
				CLANG_WARN_DIRECT_OBJC_ISA_USAGE = YES_ERROR;
				CLANG_WARN_EMPTY_BODY = YES;
				CLANG_WARN_ENUM_CONVERSION = YES;
				CLANG_WARN_INT_CONVERSION = YES;
				CLANG_WARN_OBJC_ROOT_CLASS = YES_ERROR;
				CLANG_WARN__DUPLICATE_METHOD_MATCH = YES;
				"CODE_SIGN_IDENTITY[sdk=iphoneos*]" = "iPhone Developer";
				COPY_PHASE_STRIP = YES;
				ENABLE_NS_ASSERTIONS = NO;
				GCC_C_LANGUAGE_STANDARD = gnu99;
				GCC_WARN_64_TO_32_BIT_CONVERSION = YES;
				GCC_WARN_ABOUT_RETURN_TYPE = YES_ERROR;
				GCC_WARN_UNDECLARED_SELECTOR = YES;
				GCC_WARN_UNINITIALIZED_AUTOS = YES_AGGRESSIVE;
				GCC_WARN_UNUSED_FUNCTION = YES;
				GCC_WARN_UNUSED_VARIABLE = YES;
				IPHONEOS_DEPLOYMENT_TARGET = 7.1;
				SDKROOT = iphoneos;
				VALIDATE_PRODUCT = YES;
			};
			name = Release;
		};
		03298C2E18EFA49300B251CB /* Debug */ = {
			isa = XCBuildConfiguration;
			buildSettings = {
				ASSETCATALOG_COMPILER_APPICON_NAME = AppIcon;
				ASSETCATALOG_COMPILER_LAUNCHIMAGE_NAME = LaunchImage;
				GCC_PRECOMPILE_PREFIX_HEADER = YES;
				GCC_PREFIX_HEADER = "Quiz/Quiz-Prefix.pch";
				INFOPLIST_FILE = "Quiz/Quiz-Info.plist";
				PRODUCT_NAME = "$(TARGET_NAME)";
				WRAPPER_EXTENSION = app;
			};
			name = Debug;
		};
		03298C2F18EFA49300B251CB /* Release */ = {
			isa = XCBuildConfiguration;
			buildSettings = {
				ASSETCATALOG_COMPILER_APPICON_NAME = AppIcon;
				ASSETCATALOG_COMPILER_LAUNCHIMAGE_NAME = LaunchImage;
				GCC_PRECOMPILE_PREFIX_HEADER = YES;
				GCC_PREFIX_HEADER = "Quiz/Quiz-Prefix.pch";
				INFOPLIST_FILE = "Quiz/Quiz-Info.plist";
				PRODUCT_NAME = "$(TARGET_NAME)";
				WRAPPER_EXTENSION = app;
			};
			name = Release;
		};
		03298C3118EFA49300B251CB /* Debug */ = {
			isa = XCBuildConfiguration;
			buildSettings = {
				BUNDLE_LOADER = "$(BUILT_PRODUCTS_DIR)/Quiz.app/Quiz";
				FRAMEWORK_SEARCH_PATHS = (
					"$(SDKROOT)/Developer/Library/Frameworks",
					"$(inherited)",
					"$(DEVELOPER_FRAMEWORKS_DIR)",
				);
				GCC_PRECOMPILE_PREFIX_HEADER = YES;
				GCC_PREFIX_HEADER = "Quiz/Quiz-Prefix.pch";
				GCC_PREPROCESSOR_DEFINITIONS = (
					"DEBUG=1",
					"$(inherited)",
				);
				INFOPLIST_FILE = "QuizTests/QuizTests-Info.plist";
				PRODUCT_NAME = "$(TARGET_NAME)";
				TEST_HOST = "$(BUNDLE_LOADER)";
				WRAPPER_EXTENSION = xctest;
			};
			name = Debug;
		};
		03298C3218EFA49300B251CB /* Release */ = {
			isa = XCBuildConfiguration;
			buildSettings = {
				BUNDLE_LOADER = "$(BUILT_PRODUCTS_DIR)/Quiz.app/Quiz";
				FRAMEWORK_SEARCH_PATHS = (
					"$(SDKROOT)/Developer/Library/Frameworks",
					"$(inherited)",
					"$(DEVELOPER_FRAMEWORKS_DIR)",
				);
				GCC_PRECOMPILE_PREFIX_HEADER = YES;
				GCC_PREFIX_HEADER = "Quiz/Quiz-Prefix.pch";
				INFOPLIST_FILE = "QuizTests/QuizTests-Info.plist";
				PRODUCT_NAME = "$(TARGET_NAME)";
				TEST_HOST = "$(BUNDLE_LOADER)";
				WRAPPER_EXTENSION = xctest;
			};
			name = Release;
		};
/* End XCBuildConfiguration section */

/* Begin XCConfigurationList section */
		03298BFC18EFA49300B251CB /* Build configuration list for PBXProject "Quiz" */ = {
			isa = XCConfigurationList;
			buildConfigurations = (
				03298C2B18EFA49300B251CB /* Debug */,
				03298C2C18EFA49300B251CB /* Release */,
			);
			defaultConfigurationIsVisible = 0;
			defaultConfigurationName = Release;
		};
		03298C2D18EFA49300B251CB /* Build configuration list for PBXNativeTarget "Quiz" */ = {
			isa = XCConfigurationList;
			buildConfigurations = (
				03298C2E18EFA49300B251CB /* Debug */,
				03298C2F18EFA49300B251CB /* Release */,
			);
			defaultConfigurationIsVisible = 0;
		};
		03298C3018EFA49300B251CB /* Build configuration list for PBXNativeTarget "QuizTests" */ = {
			isa = XCConfigurationList;
			buildConfigurations = (
				03298C3118EFA49300B251CB /* Debug */,
				03298C3218EFA49300B251CB /* Release */,
			);
			defaultConfigurationIsVisible = 0;
		};
/* End XCConfigurationList section */
	};
	rootObject = 03298BF918EFA49300B251CB /* Project object */;
}
